{
  "version": 4,
  "terraform_version": "1.7.1",
  "serial": 6,
  "lineage": "afef9c02-9068-6780-2d62-373800cf9b2e",
  "outputs": {},
  "resources": [
    {
      "mode": "managed",
      "type": "azurerm_mysql_flexible_server",
      "name": "mysql_server",
      "provider": "provider[\"registry.terraform.io/hashicorp/azurerm\"]",
      "instances": [
        {
          "schema_version": 0,
          "attributes": {
            "administrator_login": "mysql",
            "administrator_password": "Red@686673",
            "backup_retention_days": 7,
            "create_mode": null,
            "customer_managed_key": [],
            "delegated_subnet_id": "",
            "fqdn": "azure-mysql-flexible-server.mysql.database.azure.com",
            "geo_redundant_backup_enabled": false,
            "high_availability": [],
            "id": "/subscriptions/2b724fec-cfed-477b-a528-521877984d54/resourceGroups/nodeproject_group/providers/Microsoft.DBforMySQL/flexibleServers/azure-mysql-flexible-server",
            "identity": [],
            "location": "australiaeast",
            "maintenance_window": [],
            "name": "azure-mysql-flexible-server",
            "point_in_time_restore_time_in_utc": null,
            "private_dns_zone_id": "",
            "public_network_access_enabled": true,
            "replica_capacity": 10,
            "replication_role": "None",
            "resource_group_name": "nodeproject_group",
            "sku_name": "GP_Standard_D2ds_v4",
            "source_server_id": null,
            "storage": [
              {
                "auto_grow_enabled": true,
                "io_scaling_enabled": false,
                "iops": 360,
                "size_gb": 20
              }
            ],
            "tags": {
              "environment": "production"
            },
            "timeouts": null,
            "version": "5.7",
            "zone": "3"
          },
          "sensitive_attributes": [],
          "private": "eyJlMmJmYjczMC1lY2FhLTExZTYtOGY4OC0zNDM2M2JjN2M0YzAiOnsiY3JlYXRlIjozNjAwMDAwMDAwMDAwLCJkZWxldGUiOjM2MDAwMDAwMDAwMDAsInJlYWQiOjMwMDAwMDAwMDAwMCwidXBkYXRlIjozNjAwMDAwMDAwMDAwfX0=",
          "dependencies": [
            "azurerm_resource_group.azure_group"
          ]
        }
      ]
    },
    {
      "mode": "managed",
      "type": "azurerm_mysql_flexible_server_firewall_rule",
      "name": "allow_eks_node_1",
      "provider": "provider[\"registry.terraform.io/hashicorp/azurerm\"]",
      "instances": [
        {
          "schema_version": 0,
          "attributes": {
            "end_ip_address": "0.0.0.0",
            "id": "/subscriptions/2b724fec-cfed-477b-a528-521877984d54/resourceGroups/nodeproject_group/providers/Microsoft.DBforMySQL/flexibleServers/azure-mysql-flexible-server/firewallRules/AllowEKSNode1",
            "name": "AllowEKSNode1",
            "resource_group_name": "nodeproject_group",
            "server_name": "azure-mysql-flexible-server",
            "start_ip_address": "0.0.0.0",
            "timeouts": null
          },
          "sensitive_attributes": [],
          "private": "eyJlMmJmYjczMC1lY2FhLTExZTYtOGY4OC0zNDM2M2JjN2M0YzAiOnsiY3JlYXRlIjoxODAwMDAwMDAwMDAwLCJkZWxldGUiOjE4MDAwMDAwMDAwMDAsInJlYWQiOjMwMDAwMDAwMDAwMCwidXBkYXRlIjoxODAwMDAwMDAwMDAwfX0=",
          "dependencies": [
            "azurerm_mysql_flexible_server.mysql_server",
            "azurerm_resource_group.azure_group"
          ]
        }
      ]
    },
    {
      "mode": "managed",
      "type": "azurerm_resource_group",
      "name": "azure_group",
      "provider": "provider[\"registry.terraform.io/hashicorp/azurerm\"]",
      "instances": [
        {
          "schema_version": 0,
          "attributes": {
            "id": "/subscriptions/2b724fec-cfed-477b-a528-521877984d54/resourceGroups/nodeproject_group",
            "location": "australiaeast",
            "managed_by": "",
            "name": "nodeproject_group",
            "tags": {},
            "timeouts": null
          },
          "sensitive_attributes": [],
          "private": "eyJlMmJmYjczMC1lY2FhLTExZTYtOGY4OC0zNDM2M2JjN2M0YzAiOnsiY3JlYXRlIjo1NDAwMDAwMDAwMDAwLCJkZWxldGUiOjU0MDAwMDAwMDAwMDAsInJlYWQiOjMwMDAwMDAwMDAwMCwidXBkYXRlIjo1NDAwMDAwMDAwMDAwfX0="
        }
      ]
    }
  ],
  "check_results": null
}
